{
  "name": "@slater/themekit",
  "version": "0.0.2",
  "lockfileVersion": 1,
  "requires": true,
  "dependencies": {
    "ansi-colors": {
      "version": "3.0.0",
      "resolved": "https://registry.npmjs.org/ansi-colors/-/ansi-colors-3.0.0.tgz",
      "integrity": "sha512-gi0yfIVlJg8XdRiJLofuijF9qEKPoCTztS+G8ZkUlg1KvM231PdpNX+kBBTYhUgj2RJwo329NUt2DqZIlq3kRQ=="
    },
    "archiver": {
      "version": "0.11.0",
      "resolved": "https://registry.npmjs.org/archiver/-/archiver-0.11.0.tgz",
      "integrity": "sha1-mBd9p6bAGSt/J5jzDNbquKvXZpA=",
      "requires": {
        "async": "~0.9.0",
        "buffer-crc32": "~0.2.1",
        "glob": "~3.2.6",
        "lazystream": "~0.1.0",
        "lodash": "~2.4.1",
        "readable-stream": "~1.0.26",
        "tar-stream": "~0.4.0",
        "zip-stream": "~0.4.0"
      }
    },
    "async": {
      "version": "0.9.2",
      "resolved": "https://registry.npmjs.org/async/-/async-0.9.2.tgz",
      "integrity": "sha1-rqdNXmHB+JlhO/ZL2mbUx48v0X0="
    },
    "bl": {
      "version": "0.9.5",
      "resolved": "https://registry.npmjs.org/bl/-/bl-0.9.5.tgz",
      "integrity": "sha1-wGt5evCF6gC8Unr8jvzxHeIjIFQ=",
      "requires": {
        "readable-stream": "~1.0.26"
      }
    },
    "buffer-crc32": {
      "version": "0.2.13",
      "resolved": "https://registry.npmjs.org/buffer-crc32/-/buffer-crc32-0.2.13.tgz",
      "integrity": "sha1-DTM+PwDqxQqhRUq9MO+MKl2ackI="
    },
    "compress-commons": {
      "version": "0.1.6",
      "resolved": "https://registry.npmjs.org/compress-commons/-/compress-commons-0.1.6.tgz",
      "integrity": "sha1-DHQIcP3ljLpRbwrAyCLjOguF36M=",
      "requires": {
        "buffer-crc32": "~0.2.1",
        "crc32-stream": "~0.3.1",
        "readable-stream": "~1.0.26"
      }
    },
    "core-util-is": {
      "version": "1.0.2",
      "resolved": "https://registry.npmjs.org/core-util-is/-/core-util-is-1.0.2.tgz",
      "integrity": "sha1-tf1UIgqivFq1eqtxQMlAdUUDwac="
    },
    "crc32-stream": {
      "version": "0.3.4",
      "resolved": "https://registry.npmjs.org/crc32-stream/-/crc32-stream-0.3.4.tgz",
      "integrity": "sha1-c7wltF+sHbZjIjGnv86JJ+nwZVI=",
      "requires": {
        "buffer-crc32": "~0.2.1",
        "readable-stream": "~1.0.24"
      }
    },
    "end-of-stream": {
      "version": "1.4.1",
      "resolved": "https://registry.npmjs.org/end-of-stream/-/end-of-stream-1.4.1.tgz",
      "integrity": "sha512-1MkrZNvWTKCaigbn+W15elq2BB/L22nqrSY5DKlo3X6+vclJm8Bb5djXJBmEX6fS3+zCh/F4VBK5Z2KxJt4s2Q==",
      "requires": {
        "once": "^1.4.0"
      }
    },
    "fs-extra": {
      "version": "7.0.0",
      "resolved": "https://registry.npmjs.org/fs-extra/-/fs-extra-7.0.0.tgz",
      "integrity": "sha512-EglNDLRpmaTWiD/qraZn6HREAEAHJcJOmxNEYwq6xeMKnVMAy3GUcFB+wXt2C6k4CNvB/mP1y/U3dzvKKj5OtQ==",
      "requires": {
        "graceful-fs": "^4.1.2",
        "jsonfile": "^4.0.0",
        "universalify": "^0.1.0"
      }
    },
    "glob": {
      "version": "3.2.11",
      "resolved": "https://registry.npmjs.org/glob/-/glob-3.2.11.tgz",
      "integrity": "sha1-Spc/Y1uRkPcV0QmH1cAP0oFevj0=",
      "requires": {
        "inherits": "2",
        "minimatch": "0.3"
      }
    },
    "graceful-fs": {
      "version": "4.1.11",
      "resolved": "https://registry.npmjs.org/graceful-fs/-/graceful-fs-4.1.11.tgz",
      "integrity": "sha1-Dovf5NHduIVNZOBOp8AOKgJuVlg="
    },
    "http-debug": {
      "version": "0.1.2",
      "resolved": "https://registry.npmjs.org/http-debug/-/http-debug-0.1.2.tgz",
      "integrity": "sha1-qtv++ZvDnCBkOezhS5kEDFpLTW4="
    },
    "inherits": {
      "version": "2.0.3",
      "resolved": "https://registry.npmjs.org/inherits/-/inherits-2.0.3.tgz",
      "integrity": "sha1-Yzwsg+PaQqUC9SRmAiSA9CCCYd4="
    },
    "isarray": {
      "version": "0.0.1",
      "resolved": "https://registry.npmjs.org/isarray/-/isarray-0.0.1.tgz",
      "integrity": "sha1-ihis/Kmo9Bd+Cav8YDiTmwXR7t8="
    },
    "jsonfile": {
      "version": "4.0.0",
      "resolved": "https://registry.npmjs.org/jsonfile/-/jsonfile-4.0.0.tgz",
      "integrity": "sha1-h3Gq4HmbZAdrdmQPygWPnBDjPss=",
      "requires": {
        "graceful-fs": "^4.1.6"
      }
    },
    "lazystream": {
      "version": "0.1.0",
      "resolved": "https://registry.npmjs.org/lazystream/-/lazystream-0.1.0.tgz",
      "integrity": "sha1-GyXWPHcqTCDwpe0KnXf0hLbhaSA=",
      "requires": {
        "readable-stream": "~1.0.2"
      }
    },
    "lodash": {
      "version": "2.4.2",
      "resolved": "https://registry.npmjs.org/lodash/-/lodash-2.4.2.tgz",
      "integrity": "sha1-+t2DS5aDBz2hebPq5tnA0VBT9z4="
    },
    "lru-cache": {
      "version": "2.7.3",
      "resolved": "https://registry.npmjs.org/lru-cache/-/lru-cache-2.7.3.tgz",
      "integrity": "sha1-bUUk6LlV+V1PW1iFHOId1y+06VI="
    },
    "minimatch": {
      "version": "0.3.0",
      "resolved": "https://registry.npmjs.org/minimatch/-/minimatch-0.3.0.tgz",
      "integrity": "sha1-J12O2qxPG7MyZHIInnlJyDlGmd0=",
      "requires": {
        "lru-cache": "2",
        "sigmund": "~1.0.0"
      }
    },
    "node-fetch": {
      "version": "2.2.0",
      "resolved": "https://registry.npmjs.org/node-fetch/-/node-fetch-2.2.0.tgz",
      "integrity": "sha512-OayFWziIxiHY8bCUyLX6sTpDH8Jsbp4FfYd1j1f7vZyfgkcOnAyM4oQR16f8a0s7Gl/viMGRey8eScYk4V4EZA=="
    },
    "once": {
      "version": "1.4.0",
      "resolved": "https://registry.npmjs.org/once/-/once-1.4.0.tgz",
      "integrity": "sha1-WDsap3WWHUsROsF9nFC6753Xa9E=",
      "requires": {
        "wrappy": "1"
      }
    },
    "readable-stream": {
      "version": "1.0.34",
      "resolved": "https://registry.npmjs.org/readable-stream/-/readable-stream-1.0.34.tgz",
      "integrity": "sha1-Elgg40vIQtLyqq+v5MKRbuMsFXw=",
      "requires": {
        "core-util-is": "~1.0.0",
        "inherits": "~2.0.1",
        "isarray": "0.0.1",
        "string_decoder": "~0.10.x"
      }
    },
    "sigmund": {
      "version": "1.0.1",
      "resolved": "https://registry.npmjs.org/sigmund/-/sigmund-1.0.1.tgz",
      "integrity": "sha1-P/IfGYytIXX587eBhT/ZTQ0ZtZA="
    },
    "string_decoder": {
      "version": "0.10.31",
      "resolved": "https://registry.npmjs.org/string_decoder/-/string_decoder-0.10.31.tgz",
      "integrity": "sha1-YuIDvEF2bGwoyfyEMB2rHFMQ+pQ="
    },
    "tar-stream": {
      "version": "0.4.7",
      "resolved": "https://registry.npmjs.org/tar-stream/-/tar-stream-0.4.7.tgz",
      "integrity": "sha1-Hx0s6evHtCdlJDyg6PG3v9oKrc0=",
      "requires": {
        "bl": "^0.9.0",
        "end-of-stream": "^1.0.0",
        "readable-stream": "^1.0.27-1",
        "xtend": "^4.0.0"
      }
    },
    "universalify": {
      "version": "0.1.2",
      "resolved": "https://registry.npmjs.org/universalify/-/universalify-0.1.2.tgz",
      "integrity": "sha512-rBJeI5CXAlmy1pV+617WB9J63U6XcazHHF2f2dbJix4XzpUF0RS3Zbj0FGIOCAva5P/d/GBOYaACQ1w+0azUkg=="
    },
    "wrappy": {
      "version": "1.0.2",
      "resolved": "https://registry.npmjs.org/wrappy/-/wrappy-1.0.2.tgz",
      "integrity": "sha1-tSQ9jz7BqjXxNkYFvA0QNuMKtp8="
    },
    "xtend": {
      "version": "4.0.1",
      "resolved": "https://registry.npmjs.org/xtend/-/xtend-4.0.1.tgz",
      "integrity": "sha1-pcbVMr5lbiPbgg77lDofBJmNY68="
    },
    "yaml": {
      "version": "1.0.0-rc.7",
      "resolved": "https://registry.npmjs.org/yaml/-/yaml-1.0.0-rc.7.tgz",
      "integrity": "sha512-tsTvdZxHPSgwv70qw0w2YeGA8VCqEpHRlYLb3T3ROhke8j92iC3t7kd2XHkiyp7pvxucKUgzzo+3Zq77WV82Kw=="
    },
    "zip-folder": {
      "version": "1.0.0",
      "resolved": "https://registry.npmjs.org/zip-folder/-/zip-folder-1.0.0.tgz",
      "integrity": "sha1-cKd0T9F4mi/rQa00GbMun9h5V7I=",
      "requires": {
        "archiver": "^0.11.0"
      }
    },
    "zip-stream": {
      "version": "0.4.1",
      "resolved": "https://registry.npmjs.org/zip-stream/-/zip-stream-0.4.1.tgz",
      "integrity": "sha1-TqeVqM4Z6fq0mjHR0IdyFBWfA6M=",
      "requires": {
        "compress-commons": "~0.1.0",
        "lodash": "~2.4.1",
        "readable-stream": "~1.0.26"
      }
    }
  }
}
